
Microsoft Visual Studio Solution File, Format Version 12.00
# Visual Studio Version 17
VisualStudioVersion = 17.0.31903.59
MinimumVisualStudioVersion = 10.0.40219.1
Project("{FAE04EC0-301F-11D3-BF4B-00C04F79EFBC}") = "LexiFlow.Core", "LexiFlow.Core\LexiFlow.Core.csproj", "{8B838424-047C-4F4F-8DDF-C7C1EFB324F7}"
EndProject
Project("{FAE04EC0-301F-11D3-BF4B-00C04F79EFBC}") = "LexiFlow.Infrastructure", "LexiFlow.Infrastructure\LexiFlow.Infrastructure.csproj", "{870F0958-644D-4DD4-91E5-9CFD6A13DBD7}"
EndProject
Project("{FAE04EC0-301F-11D3-BF4B-00C04F79EFBC}") = "LexiFlow.UI", "LexiFlow.UI\LexiFlow.UI.csproj", "{2AA76F0C-8B92-4541-8523-EFAD6D8C4DD2}"
EndProject
Project("{FAE04EC0-301F-11D3-BF4B-00C04F79EFBC}") = "LexiFlow.API", "LexiFlow.API\LexiFlow.API.csproj", "{B3A75280-FBD5-492C-8D89-CBDBECAFD5EC}"
EndProject
Project("{FAE04EC0-301F-11D3-BF4B-00C04F79EFBC}") = "LexiFlow.AdminDashboard", "LexiFlow.AdminDashboard\LexiFlow.AdminDashboard.csproj", "{80EC5102-BAA7-4196-89E8-74444EB7B6E5}"
EndProject
Project("{FAE04EC0-301F-11D3-BF4B-00C04F79EFBC}") = "LexiFlow.Models", "LexiFlow.Models\LexiFlow.Models.csproj", "{B1B19FDD-89E8-443A-AF95-F7508E2343DE}"
EndProject
Project("{FAE04EC0-301F-11D3-BF4B-00C04F79EFBC}") = "LexiFlow.TranslationAPI", "LexiFlow.TranslationAPI\LexiFlow.TranslationAPI.csproj", "{36262F33-3DAB-472C-85BF-FD57530FB0B2}"
EndProject
Project("{FAE04EC0-301F-11D3-BF4B-00C04F79EFBC}") = "LexiFlow.Helpers", "LexiFlow.Helpers\LexiFlow.Helpers.csproj", "{CEDF7309-8255-406C-8776-4E796FA59409}"
EndProject
Global
	GlobalSection(SolutionConfigurationPlatforms) = preSolution
		Debug|Any CPU = Debug|Any CPU
		Debug|x64 = Debug|x64
		Debug|x86 = Debug|x86
		Release|Any CPU = Release|Any CPU
		Release|x64 = Release|x64
		Release|x86 = Release|x86
	EndGlobalSection
	GlobalSection(ProjectConfigurationPlatforms) = postSolution
		{8B838424-047C-4F4F-8DDF-C7C1EFB324F7}.Debug|Any CPU.ActiveCfg = Debug|Any CPU
		{8B838424-047C-4F4F-8DDF-C7C1EFB324F7}.Debug|Any CPU.Build.0 = Debug|Any CPU
		{8B838424-047C-4F4F-8DDF-C7C1EFB324F7}.Debug|x64.ActiveCfg = Debug|Any CPU
		{8B838424-047C-4F4F-8DDF-C7C1EFB324F7}.Debug|x64.Build.0 = Debug|Any CPU
		{8B838424-047C-4F4F-8DDF-C7C1EFB324F7}.Debug|x86.ActiveCfg = Debug|Any CPU
		{8B838424-047C-4F4F-8DDF-C7C1EFB324F7}.Debug|x86.Build.0 = Debug|Any CPU
		{8B838424-047C-4F4F-8DDF-C7C1EFB324F7}.Release|Any CPU.ActiveCfg = Release|Any CPU
		{8B838424-047C-4F4F-8DDF-C7C1EFB324F7}.Release|Any CPU.Build.0 = Release|Any CPU
		{8B838424-047C-4F4F-8DDF-C7C1EFB324F7}.Release|x64.ActiveCfg = Release|Any CPU
		{8B838424-047C-4F4F-8DDF-C7C1EFB324F7}.Release|x64.Build.0 = Release|Any CPU
		{8B838424-047C-4F4F-8DDF-C7C1EFB324F7}.Release|x86.ActiveCfg = Release|Any CPU
		{8B838424-047C-4F4F-8DDF-C7C1EFB324F7}.Release|x86.Build.0 = Release|Any CPU
		{870F0958-644D-4DD4-91E5-9CFD6A13DBD7}.Debug|Any CPU.ActiveCfg = Debug|Any CPU
		{870F0958-644D-4DD4-91E5-9CFD6A13DBD7}.Debug|Any CPU.Build.0 = Debug|Any CPU
		{870F0958-644D-4DD4-91E5-9CFD6A13DBD7}.Debug|x64.ActiveCfg = Debug|Any CPU
		{870F0958-644D-4DD4-91E5-9CFD6A13DBD7}.Debug|x64.Build.0 = Debug|Any CPU
		{870F0958-644D-4DD4-91E5-9CFD6A13DBD7}.Debug|x86.ActiveCfg = Debug|Any CPU
		{870F0958-644D-4DD4-91E5-9CFD6A13DBD7}.Debug|x86.Build.0 = Debug|Any CPU
		{870F0958-644D-4DD4-91E5-9CFD6A13DBD7}.Release|Any CPU.ActiveCfg = Release|Any CPU
		{870F0958-644D-4DD4-91E5-9CFD6A13DBD7}.Release|Any CPU.Build.0 = Release|Any CPU
		{870F0958-644D-4DD4-91E5-9CFD6A13DBD7}.Release|x64.ActiveCfg = Release|Any CPU
		{870F0958-644D-4DD4-91E5-9CFD6A13DBD7}.Release|x64.Build.0 = Release|Any CPU
		{870F0958-644D-4DD4-91E5-9CFD6A13DBD7}.Release|x86.ActiveCfg = Release|Any CPU
		{870F0958-644D-4DD4-91E5-9CFD6A13DBD7}.Release|x86.Build.0 = Release|Any CPU
		{2AA76F0C-8B92-4541-8523-EFAD6D8C4DD2}.Debug|Any CPU.ActiveCfg = Debug|Any CPU
		{2AA76F0C-8B92-4541-8523-EFAD6D8C4DD2}.Debug|Any CPU.Build.0 = Debug|Any CPU
		{2AA76F0C-8B92-4541-8523-EFAD6D8C4DD2}.Debug|x64.ActiveCfg = Debug|Any CPU
		{2AA76F0C-8B92-4541-8523-EFAD6D8C4DD2}.Debug|x64.Build.0 = Debug|Any CPU
		{2AA76F0C-8B92-4541-8523-EFAD6D8C4DD2}.Debug|x86.ActiveCfg = Debug|Any CPU
		{2AA76F0C-8B92-4541-8523-EFAD6D8C4DD2}.Debug|x86.Build.0 = Debug|Any CPU
		{2AA76F0C-8B92-4541-8523-EFAD6D8C4DD2}.Release|Any CPU.ActiveCfg = Release|Any CPU
		{2AA76F0C-8B92-4541-8523-EFAD6D8C4DD2}.Release|Any CPU.Build.0 = Release|Any CPU
		{2AA76F0C-8B92-4541-8523-EFAD6D8C4DD2}.Release|x64.ActiveCfg = Release|Any CPU
		{2AA76F0C-8B92-4541-8523-EFAD6D8C4DD2}.Release|x64.Build.0 = Release|Any CPU
		{2AA76F0C-8B92-4541-8523-EFAD6D8C4DD2}.Release|x86.ActiveCfg = Release|Any CPU
		{2AA76F0C-8B92-4541-8523-EFAD6D8C4DD2}.Release|x86.Build.0 = Release|Any CPU
		{B3A75280-FBD5-492C-8D89-CBDBECAFD5EC}.Debug|Any CPU.ActiveCfg = Debug|Any CPU
		{B3A75280-FBD5-492C-8D89-CBDBECAFD5EC}.Debug|Any CPU.Build.0 = Debug|Any CPU
		{B3A75280-FBD5-492C-8D89-CBDBECAFD5EC}.Debug|x64.ActiveCfg = Debug|Any CPU
		{B3A75280-FBD5-492C-8D89-CBDBECAFD5EC}.Debug|x64.Build.0 = Debug|Any CPU
		{B3A75280-FBD5-492C-8D89-CBDBECAFD5EC}.Debug|x86.ActiveCfg = Debug|Any CPU
		{B3A75280-FBD5-492C-8D89-CBDBECAFD5EC}.Debug|x86.Build.0 = Debug|Any CPU
		{B3A75280-FBD5-492C-8D89-CBDBECAFD5EC}.Release|Any CPU.ActiveCfg = Release|Any CPU
		{B3A75280-FBD5-492C-8D89-CBDBECAFD5EC}.Release|Any CPU.Build.0 = Release|Any CPU
		{B3A75280-FBD5-492C-8D89-CBDBECAFD5EC}.Release|x64.ActiveCfg = Release|Any CPU
		{B3A75280-FBD5-492C-8D89-CBDBECAFD5EC}.Release|x64.Build.0 = Release|Any CPU
		{B3A75280-FBD5-492C-8D89-CBDBECAFD5EC}.Release|x86.ActiveCfg = Release|Any CPU
		{B3A75280-FBD5-492C-8D89-CBDBECAFD5EC}.Release|x86.Build.0 = Release|Any CPU
		{80EC5102-BAA7-4196-89E8-74444EB7B6E5}.Debug|Any CPU.ActiveCfg = Debug|Any CPU
		{80EC5102-BAA7-4196-89E8-74444EB7B6E5}.Debug|Any CPU.Build.0 = Debug|Any CPU
		{80EC5102-BAA7-4196-89E8-74444EB7B6E5}.Debug|x64.ActiveCfg = Debug|Any CPU
		{80EC5102-BAA7-4196-89E8-74444EB7B6E5}.Debug|x64.Build.0 = Debug|Any CPU
		{80EC5102-BAA7-4196-89E8-74444EB7B6E5}.Debug|x86.ActiveCfg = Debug|Any CPU
		{80EC5102-BAA7-4196-89E8-74444EB7B6E5}.Debug|x86.Build.0 = Debug|Any CPU
		{80EC5102-BAA7-4196-89E8-74444EB7B6E5}.Release|Any CPU.ActiveCfg = Release|Any CPU
		{80EC5102-BAA7-4196-89E8-74444EB7B6E5}.Release|Any CPU.Build.0 = Release|Any CPU
		{80EC5102-BAA7-4196-89E8-74444EB7B6E5}.Release|x64.ActiveCfg = Release|Any CPU
		{80EC5102-BAA7-4196-89E8-74444EB7B6E5}.Release|x64.Build.0 = Release|Any CPU
		{80EC5102-BAA7-4196-89E8-74444EB7B6E5}.Release|x86.ActiveCfg = Release|Any CPU
		{80EC5102-BAA7-4196-89E8-74444EB7B6E5}.Release|x86.Build.0 = Release|Any CPU
		{B1B19FDD-89E8-443A-AF95-F7508E2343DE}.Debug|Any CPU.ActiveCfg = Debug|Any CPU
		{B1B19FDD-89E8-443A-AF95-F7508E2343DE}.Debug|Any CPU.Build.0 = Debug|Any CPU
		{B1B19FDD-89E8-443A-AF95-F7508E2343DE}.Debug|x64.ActiveCfg = Debug|Any CPU
		{B1B19FDD-89E8-443A-AF95-F7508E2343DE}.Debug|x64.Build.0 = Debug|Any CPU
		{B1B19FDD-89E8-443A-AF95-F7508E2343DE}.Debug|x86.ActiveCfg = Debug|Any CPU
		{B1B19FDD-89E8-443A-AF95-F7508E2343DE}.Debug|x86.Build.0 = Debug|Any CPU
		{B1B19FDD-89E8-443A-AF95-F7508E2343DE}.Release|Any CPU.ActiveCfg = Release|Any CPU
		{B1B19FDD-89E8-443A-AF95-F7508E2343DE}.Release|Any CPU.Build.0 = Release|Any CPU
		{B1B19FDD-89E8-443A-AF95-F7508E2343DE}.Release|x64.ActiveCfg = Release|Any CPU
		{B1B19FDD-89E8-443A-AF95-F7508E2343DE}.Release|x64.Build.0 = Release|Any CPU
		{B1B19FDD-89E8-443A-AF95-F7508E2343DE}.Release|x86.ActiveCfg = Release|Any CPU
		{B1B19FDD-89E8-443A-AF95-F7508E2343DE}.Release|x86.Build.0 = Release|Any CPU
		{36262F33-3DAB-472C-85BF-FD57530FB0B2}.Debug|Any CPU.ActiveCfg = Debug|Any CPU
		{36262F33-3DAB-472C-85BF-FD57530FB0B2}.Debug|Any CPU.Build.0 = Debug|Any CPU
		{36262F33-3DAB-472C-85BF-FD57530FB0B2}.Debug|x64.ActiveCfg = Debug|Any CPU
		{36262F33-3DAB-472C-85BF-FD57530FB0B2}.Debug|x64.Build.0 = Debug|Any CPU
		{36262F33-3DAB-472C-85BF-FD57530FB0B2}.Debug|x86.ActiveCfg = Debug|Any CPU
		{36262F33-3DAB-472C-85BF-FD57530FB0B2}.Debug|x86.Build.0 = Debug|Any CPU
		{36262F33-3DAB-472C-85BF-FD57530FB0B2}.Release|Any CPU.ActiveCfg = Release|Any CPU
		{36262F33-3DAB-472C-85BF-FD57530FB0B2}.Release|Any CPU.Build.0 = Release|Any CPU
		{36262F33-3DAB-472C-85BF-FD57530FB0B2}.Release|x64.ActiveCfg = Release|Any CPU
		{36262F33-3DAB-472C-85BF-FD57530FB0B2}.Release|x64.Build.0 = Release|Any CPU
		{36262F33-3DAB-472C-85BF-FD57530FB0B2}.Release|x86.ActiveCfg = Release|Any CPU
		{36262F33-3DAB-472C-85BF-FD57530FB0B2}.Release|x86.Build.0 = Release|Any CPU
		{CEDF7309-8255-406C-8776-4E796FA59409}.Debug|Any CPU.ActiveCfg = Debug|Any CPU
		{CEDF7309-8255-406C-8776-4E796FA59409}.Debug|Any CPU.Build.0 = Debug|Any CPU
		{CEDF7309-8255-406C-8776-4E796FA59409}.Debug|x64.ActiveCfg = Debug|Any CPU
		{CEDF7309-8255-406C-8776-4E796FA59409}.Debug|x64.Build.0 = Debug|Any CPU
		{CEDF7309-8255-406C-8776-4E796FA59409}.Debug|x86.ActiveCfg = Debug|Any CPU
		{CEDF7309-8255-406C-8776-4E796FA59409}.Debug|x86.Build.0 = Debug|Any CPU
		{CEDF7309-8255-406C-8776-4E796FA59409}.Release|Any CPU.ActiveCfg = Release|Any CPU
		{CEDF7309-8255-406C-8776-4E796FA59409}.Release|Any CPU.Build.0 = Release|Any CPU
		{CEDF7309-8255-406C-8776-4E796FA59409}.Release|x64.ActiveCfg = Release|Any CPU
		{CEDF7309-8255-406C-8776-4E796FA59409}.Release|x64.Build.0 = Release|Any CPU
		{CEDF7309-8255-406C-8776-4E796FA59409}.Release|x86.ActiveCfg = Release|Any CPU
		{CEDF7309-8255-406C-8776-4E796FA59409}.Release|x86.Build.0 = Release|Any CPU
	EndGlobalSection
	GlobalSection(SolutionProperties) = preSolution
		HideSolutionNode = FALSE
	EndGlobalSection
	GlobalSection(ExtensibilityGlobals) = postSolution
		SolutionGuid = {E5D54EFF-A564-40B5-8C54-4C82FC44C56D}
	EndGlobalSection
EndGlobal
