Microsoft Visual Studio Solution File, Format Version 12.00
# Visual Studio Version 17
VisualStudioVersion = 17.5.2.0
MinimumVisualStudioVersion = 10.0.40219.1
Project("{FAE04EC0-301F-11D3-BF4B-00C04F79EFBC}") = "LexiFlow.Models", "LexiFlow.Models.csproj", "{98BEC90A-189D-F0A4-E122-24D41F869F9F}"
EndProject
Global
	GlobalSection(SolutionConfigurationPlatforms) = preSolution
		Debug|Any CPU = Debug|Any CPU
		Release|Any CPU = Release|Any CPU
	EndGlobalSection
	GlobalSection(ProjectConfigurationPlatforms) = postSolution
		{98BEC90A-189D-F0A4-E122-24D41F869F9F}.Debug|Any CPU.ActiveCfg = Debug|Any CPU
		{98BEC90A-189D-F0A4-E122-24D41F869F9F}.Debug|Any CPU.Build.0 = Debug|Any CPU
		{98BEC90A-189D-F0A4-E122-24D41F869F9F}.Release|Any CPU.ActiveCfg = Release|Any CPU
		{98BEC90A-189D-F0A4-E122-24D41F869F9F}.Release|Any CPU.Build.0 = Release|Any CPU
	EndGlobalSection
	GlobalSection(SolutionProperties) = preSolution
		HideSolutionNode = FALSE
	EndGlobalSection
	GlobalSection(ExtensibilityGlobals) = postSolution
		SolutionGuid = {4AD88F20-5F4B-4C59-A8D3-A9756C33573D}
	EndGlobalSection
EndGlobal
